// !$*UTF8*$!
{
	archiveVersion = 1;
	classes = {
	};
	objectVersion = 55;
	objects = {

/* Begin PBXBuildFile section */
		B14CB0542810580300CAAC51 /* HomeViewController.swift in Sources */ = {isa = PBXBuildFile; fileRef = B14CB0532810580300CAAC51 /* HomeViewController.swift */; };
		B14CB0562810584500CAAC51 /* ComingSoonViewController.swift in Sources */ = {isa = PBXBuildFile; fileRef = B14CB0552810584500CAAC51 /* ComingSoonViewController.swift */; };
		B14CB058281058A900CAAC51 /* SearchViewController.swift in Sources */ = {isa = PBXBuildFile; fileRef = B14CB057281058A900CAAC51 /* SearchViewController.swift */; };
		B14CB05A281058D400CAAC51 /* DownloadsViewController.swift in Sources */ = {isa = PBXBuildFile; fileRef = B14CB059281058D400CAAC51 /* DownloadsViewController.swift */; };
		B14CB06028105EC100CAAC51 /* CollectionViewTableViewCell.swift in Sources */ = {isa = PBXBuildFile; fileRef = B14CB05F28105EC100CAAC51 /* CollectionViewTableViewCell.swift */; };
		B14CB0622810668900CAAC51 /* HeroHeaderUIView.swift in Sources */ = {isa = PBXBuildFile; fileRef = B14CB0612810668900CAAC51 /* HeroHeaderUIView.swift */; };
		B15988E028118D4A001E5622 /* APICaller.swift in Sources */ = {isa = PBXBuildFile; fileRef = B15988DF28118D4A001E5622 /* APICaller.swift */; };
		B15988E228118D8E001E5622 /* configuration.swift in Sources */ = {isa = PBXBuildFile; fileRef = B15988E128118D8E001E5622 /* configuration.swift */; };
		B15988E428118DA3001E5622 /* Constants.swift in Sources */ = {isa = PBXBuildFile; fileRef = B15988E328118DA3001E5622 /* Constants.swift */; };
		B15988E628119218001E5622 /* Movie.swift in Sources */ = {isa = PBXBuildFile; fileRef = B15988E528119218001E5622 /* Movie.swift */; };
		B15988E8281195D3001E5622 /* Extensions.swift in Sources */ = {isa = PBXBuildFile; fileRef = B15988E7281195D3001E5622 /* Extensions.swift */; };
		B1DC46CD28103ACC00EA3EC3 /* AppDelegate.swift in Sources */ = {isa = PBXBuildFile; fileRef = B1DC46CC28103ACC00EA3EC3 /* AppDelegate.swift */; };
		B1DC46CF28103ACC00EA3EC3 /* SceneDelegate.swift in Sources */ = {isa = PBXBuildFile; fileRef = B1DC46CE28103ACC00EA3EC3 /* SceneDelegate.swift */; };
		B1DC46D128103ACC00EA3EC3 /* TabBarViewController.swift in Sources */ = {isa = PBXBuildFile; fileRef = B1DC46D028103ACC00EA3EC3 /* TabBarViewController.swift */; };
		B1DC46D628103ACD00EA3EC3 /* Assets.xcassets in Resources */ = {isa = PBXBuildFile; fileRef = B1DC46D528103ACD00EA3EC3 /* Assets.xcassets */; };
		B1DC46D928103ACD00EA3EC3 /* LaunchScreen.storyboard in Resources */ = {isa = PBXBuildFile; fileRef = B1DC46D728103ACD00EA3EC3 /* LaunchScreen.storyboard */; };
		B1FD4BF42811A070009DD128 /* MovieCollectionViewCell.swift in Sources */ = {isa = PBXBuildFile; fileRef = B1FD4BF32811A070009DD128 /* MovieCollectionViewCell.swift */; };
		B1FD4BF72811A1B2009DD128 /* SDWebImage in Frameworks */ = {isa = PBXBuildFile; productRef = B1FD4BF62811A1B2009DD128 /* SDWebImage */; };
		B1FD4BF92811A1B2009DD128 /* SDWebImageMapKit in Frameworks */ = {isa = PBXBuildFile; productRef = B1FD4BF82811A1B2009DD128 /* SDWebImageMapKit */; };
/* End PBXBuildFile section */

/* Begin PBXFileReference section */
		B14CB0532810580300CAAC51 /* HomeViewController.swift */ = {isa = PBXFileReference; lastKnownFileType = sourcecode.swift; path = HomeViewController.swift; sourceTree = "<group>"; };
		B14CB0552810584500CAAC51 /* ComingSoonViewController.swift */ = {isa = PBXFileReference; lastKnownFileType = sourcecode.swift; path = ComingSoonViewController.swift; sourceTree = "<group>"; };
		B14CB057281058A900CAAC51 /* SearchViewController.swift */ = {isa = PBXFileReference; lastKnownFileType = sourcecode.swift; path = SearchViewController.swift; sourceTree = "<group>"; };
		B14CB059281058D400CAAC51 /* DownloadsViewController.swift */ = {isa = PBXFileReference; lastKnownFileType = sourcecode.swift; path = DownloadsViewController.swift; sourceTree = "<group>"; };
		B14CB05F28105EC100CAAC51 /* CollectionViewTableViewCell.swift */ = {isa = PBXFileReference; lastKnownFileType = sourcecode.swift; path = CollectionViewTableViewCell.swift; sourceTree = "<group>"; };
		B14CB0612810668900CAAC51 /* HeroHeaderUIView.swift */ = {isa = PBXFileReference; lastKnownFileType = sourcecode.swift; path = HeroHeaderUIView.swift; sourceTree = "<group>"; };
		B15988DF28118D4A001E5622 /* APICaller.swift */ = {isa = PBXFileReference; lastKnownFileType = sourcecode.swift; path = APICaller.swift; sourceTree = "<group>"; };
		B15988E128118D8E001E5622 /* configuration.swift */ = {isa = PBXFileReference; lastKnownFileType = sourcecode.swift; path = configuration.swift; sourceTree = "<group>"; };
		B15988E328118DA3001E5622 /* Constants.swift */ = {isa = PBXFileReference; lastKnownFileType = sourcecode.swift; path = Constants.swift; sourceTree = "<group>"; };
		B15988E528119218001E5622 /* Movie.swift */ = {isa = PBXFileReference; lastKnownFileType = sourcecode.swift; path = Movie.swift; sourceTree = "<group>"; };
		B15988E7281195D3001E5622 /* Extensions.swift */ = {isa = PBXFileReference; lastKnownFileType = sourcecode.swift; path = Extensions.swift; sourceTree = "<group>"; };
		B1DC46C928103ACC00EA3EC3 /* Netflix Clone.app */ = {isa = PBXFileReference; explicitFileType = wrapper.application; includeInIndex = 0; path = "Netflix Clone.app"; sourceTree = BUILT_PRODUCTS_DIR; };
		B1DC46CC28103ACC00EA3EC3 /* AppDelegate.swift */ = {isa = PBXFileReference; lastKnownFileType = sourcecode.swift; path = AppDelegate.swift; sourceTree = "<group>"; };
		B1DC46CE28103ACC00EA3EC3 /* SceneDelegate.swift */ = {isa = PBXFileReference; lastKnownFileType = sourcecode.swift; path = SceneDelegate.swift; sourceTree = "<group>"; };
		B1DC46D028103ACC00EA3EC3 /* TabBarViewController.swift */ = {isa = PBXFileReference; lastKnownFileType = sourcecode.swift; path = TabBarViewController.swift; sourceTree = "<group>"; };
		B1DC46D528103ACD00EA3EC3 /* Assets.xcassets */ = {isa = PBXFileReference; lastKnownFileType = folder.assetcatalog; path = Assets.xcassets; sourceTree = "<group>"; };
		B1DC46D828103ACD00EA3EC3 /* Base */ = {isa = PBXFileReference; lastKnownFileType = file.storyboard; name = Base; path = Base.lproj/LaunchScreen.storyboard; sourceTree = "<group>"; };
		B1DC46DA28103ACD00EA3EC3 /* Info.plist */ = {isa = PBXFileReference; lastKnownFileType = text.plist.xml; path = Info.plist; sourceTree = "<group>"; };
		B1FD4BF32811A070009DD128 /* MovieCollectionViewCell.swift */ = {isa = PBXFileReference; lastKnownFileType = sourcecode.swift; path = MovieCollectionViewCell.swift; sourceTree = "<group>"; };
/* End PBXFileReference section */

/* Begin PBXFrameworksBuildPhase section */
		B1DC46C628103ACC00EA3EC3 /* Frameworks */ = {
			isa = PBXFrameworksBuildPhase;
			buildActionMask = 2147483647;
			files = (
				B1FD4BF92811A1B2009DD128 /* SDWebImageMapKit in Frameworks */,
				B1FD4BF72811A1B2009DD128 /* SDWebImage in Frameworks */,
			);
			runOnlyForDeploymentPostprocessing = 0;
		};
/* End PBXFrameworksBuildPhase section */

/* Begin PBXGroup section */
		B14CB052281057CB00CAAC51 /* Controllers */ = {
			isa = PBXGroup;
			children = (
				B14CB0532810580300CAAC51 /* HomeViewController.swift */,
				B14CB057281058A900CAAC51 /* SearchViewController.swift */,
				B14CB0552810584500CAAC51 /* ComingSoonViewController.swift */,
				B14CB059281058D400CAAC51 /* DownloadsViewController.swift */,
			);
			path = Controllers;
			sourceTree = "<group>";
		};
		B14CB05B28105E4600CAAC51 /* Views */ = {
			isa = PBXGroup;
			children = (
				B14CB05F28105EC100CAAC51 /* CollectionViewTableViewCell.swift */,
				B14CB0612810668900CAAC51 /* HeroHeaderUIView.swift */,
				B1FD4BF32811A070009DD128 /* MovieCollectionViewCell.swift */,
			);
			path = Views;
			sourceTree = "<group>";
		};
		B14CB05C28105E5400CAAC51 /* ViewModels */ = {
			isa = PBXGroup;
			children = (
			);
			path = ViewModels;
			sourceTree = "<group>";
		};
		B14CB05D28105E5C00CAAC51 /* Models */ = {
			isa = PBXGroup;
			children = (
				B15988E528119218001E5622 /* Movie.swift */,
			);
			path = Models;
			sourceTree = "<group>";
		};
		B14CB05E28105E8800CAAC51 /* Resource */ = {
			isa = PBXGroup;
			children = (
				B15988E7281195D3001E5622 /* Extensions.swift */,
			);
			path = Resource;
			sourceTree = "<group>";
		};
		B15988DE28118D35001E5622 /* Managers */ = {
			isa = PBXGroup;
			children = (
				B15988E328118DA3001E5622 /* Constants.swift */,
				B15988DF28118D4A001E5622 /* APICaller.swift */,
			);
			path = Managers;
			sourceTree = "<group>";
		};
		B1DC46C028103ACC00EA3EC3 = {
			isa = PBXGroup;
			children = (
				B15988E128118D8E001E5622 /* configuration.swift */,
				B1DC46CB28103ACC00EA3EC3 /* Netflix Clone */,
				B1DC46CA28103ACC00EA3EC3 /* Products */,
			);
			sourceTree = "<group>";
		};
		B1DC46CA28103ACC00EA3EC3 /* Products */ = {
			isa = PBXGroup;
			children = (
				B1DC46C928103ACC00EA3EC3 /* Netflix Clone.app */,
			);
			name = Products;
			sourceTree = "<group>";
		};
		B1DC46CB28103ACC00EA3EC3 /* Netflix Clone */ = {
			isa = PBXGroup;
			children = (
				B15988DE28118D35001E5622 /* Managers */,
				B14CB05E28105E8800CAAC51 /* Resource */,
				B14CB05D28105E5C00CAAC51 /* Models */,
				B14CB05B28105E4600CAAC51 /* Views */,
				B14CB05C28105E5400CAAC51 /* ViewModels */,
				B14CB052281057CB00CAAC51 /* Controllers */,
				B1DC46CC28103ACC00EA3EC3 /* AppDelegate.swift */,
				B1DC46CE28103ACC00EA3EC3 /* SceneDelegate.swift */,
				B1DC46D028103ACC00EA3EC3 /* TabBarViewController.swift */,
				B1DC46D528103ACD00EA3EC3 /* Assets.xcassets */,
				B1DC46D728103ACD00EA3EC3 /* LaunchScreen.storyboard */,
				B1DC46DA28103ACD00EA3EC3 /* Info.plist */,
			);
			path = "Netflix Clone";
			sourceTree = "<group>";
		};
/* End PBXGroup section */

/* Begin PBXNativeTarget section */
		B1DC46C828103ACC00EA3EC3 /* Netflix Clone */ = {
			isa = PBXNativeTarget;
			buildConfigurationList = B1DC46DD28103ACD00EA3EC3 /* Build configuration list for PBXNativeTarget "Netflix Clone" */;
			buildPhases = (
				B1DC46C528103ACC00EA3EC3 /* Sources */,
				B1DC46C628103ACC00EA3EC3 /* Frameworks */,
				B1DC46C728103ACC00EA3EC3 /* Resources */,
			);
			buildRules = (
			);
			dependencies = (
			);
			name = "Netflix Clone";
			packageProductDependencies = (
				B1FD4BF62811A1B2009DD128 /* SDWebImage */,
				B1FD4BF82811A1B2009DD128 /* SDWebImageMapKit */,
			);
			productName = "Netflix Clone";
			productReference = B1DC46C928103ACC00EA3EC3 /* Netflix Clone.app */;
			productType = "com.apple.product-type.application";
		};
/* End PBXNativeTarget section */

/* Begin PBXProject section */
		B1DC46C128103ACC00EA3EC3 /* Project object */ = {
			isa = PBXProject;
			attributes = {
				BuildIndependentTargetsInParallel = 1;
				LastSwiftUpdateCheck = 1330;
				LastUpgradeCheck = 1330;
				TargetAttributes = {
					B1DC46C828103ACC00EA3EC3 = {
						CreatedOnToolsVersion = 13.3.1;
					};
				};
			};
			buildConfigurationList = B1DC46C428103ACC00EA3EC3 /* Build configuration list for PBXProject "Netflix Clone" */;
			compatibilityVersion = "Xcode 13.0";
			developmentRegion = en;
			hasScannedForEncodings = 0;
			knownRegions = (
				en,
				Base,
			);
			mainGroup = B1DC46C028103ACC00EA3EC3;
			packageReferences = (
				B1FD4BF52811A1B2009DD128 /* XCRemoteSwiftPackageReference "SDWebImage" */,
			);
			productRefGroup = B1DC46CA28103ACC00EA3EC3 /* Products */;
			projectDirPath = "";
			projectRoot = "";
			targets = (
				B1DC46C828103ACC00EA3EC3 /* Netflix Clone */,
			);
		};
/* End PBXProject section */

/* Begin PBXResourcesBuildPhase section */
		B1DC46C728103ACC00EA3EC3 /* Resources */ = {
			isa = PBXResourcesBuildPhase;
			buildActionMask = 2147483647;
			files = (
				B1DC46D928103ACD00EA3EC3 /* LaunchScreen.storyboard in Resources */,
				B1DC46D628103ACD00EA3EC3 /* Assets.xcassets in Resources */,
			);
			runOnlyForDeploymentPostprocessing = 0;
		};
/* End PBXResourcesBuildPhase section */

/* Begin PBXSourcesBuildPhase section */
		B1DC46C528103ACC00EA3EC3 /* Sources */ = {
			isa = PBXSourcesBuildPhase;
			buildActionMask = 2147483647;
			files = (
				B15988E228118D8E001E5622 /* configuration.swift in Sources */,
				B14CB058281058A900CAAC51 /* SearchViewController.swift in Sources */,
				B1DC46D128103ACC00EA3EC3 /* TabBarViewController.swift in Sources */,
				B14CB06028105EC100CAAC51 /* CollectionViewTableViewCell.swift in Sources */,
				B15988E028118D4A001E5622 /* APICaller.swift in Sources */,
				B14CB0622810668900CAAC51 /* HeroHeaderUIView.swift in Sources */,
				B14CB05A281058D400CAAC51 /* DownloadsViewController.swift in Sources */,
				B15988E428118DA3001E5622 /* Constants.swift in Sources */,
				B15988E628119218001E5622 /* Movie.swift in Sources */,
				B1DC46CD28103ACC00EA3EC3 /* AppDelegate.swift in Sources */,
				B1DC46CF28103ACC00EA3EC3 /* SceneDelegate.swift in Sources */,
				B14CB0562810584500CAAC51 /* ComingSoonViewController.swift in Sources */,
				B14CB0542810580300CAAC51 /* HomeViewController.swift in Sources */,
				B15988E8281195D3001E5622 /* Extensions.swift in Sources */,
				B1FD4BF42811A070009DD128 /* MovieCollectionViewCell.swift in Sources */,
			);
			runOnlyForDeploymentPostprocessing = 0;
		};
/* End PBXSourcesBuildPhase section */

/* Begin PBXVariantGroup section */
		B1DC46D728103ACD00EA3EC3 /* LaunchScreen.storyboard */ = {
			isa = PBXVariantGroup;
			children = (
				B1DC46D828103ACD00EA3EC3 /* Base */,
			);
			name = LaunchScreen.storyboard;
			sourceTree = "<group>";
		};
/* End PBXVariantGroup section */

/* Begin XCBuildConfiguration section */
		B1DC46DB28103ACD00EA3EC3 /* Debug */ = {
			isa = XCBuildConfiguration;
			buildSettings = {
				ALWAYS_SEARCH_USER_PATHS = NO;
				CLANG_ANALYZER_NONNULL = YES;
				CLANG_ANALYZER_NUMBER_OBJECT_CONVERSION = YES_AGGRESSIVE;
				CLANG_CXX_LANGUAGE_STANDARD = "gnu++17";
				CLANG_ENABLE_MODULES = YES;
				CLANG_ENABLE_OBJC_ARC = YES;
				CLANG_ENABLE_OBJC_WEAK = YES;
				CLANG_WARN_BLOCK_CAPTURE_AUTORELEASING = YES;
				CLANG_WARN_BOOL_CONVERSION = YES;
				CLANG_WARN_COMMA = YES;
				CLANG_WARN_CONSTANT_CONVERSION = YES;
				CLANG_WARN_DEPRECATED_OBJC_IMPLEMENTATIONS = YES;
				CLANG_WARN_DIRECT_OBJC_ISA_USAGE = YES_ERROR;
				CLANG_WARN_DOCUMENTATION_COMMENTS = YES;
				CLANG_WARN_EMPTY_BODY = YES;
				CLANG_WARN_ENUM_CONVERSION = YES;
				CLANG_WARN_INFINITE_RECURSION = YES;
				CLANG_WARN_INT_CONVERSION = YES;
				CLANG_WARN_NON_LITERAL_NULL_CONVERSION = YES;
				CLANG_WARN_OBJC_IMPLICIT_RETAIN_SELF = YES;
				CLANG_WARN_OBJC_LITERAL_CONVERSION = YES;
				CLANG_WARN_OBJC_ROOT_CLASS = YES_ERROR;
				CLANG_WARN_QUOTED_INCLUDE_IN_FRAMEWORK_HEADER = YES;
				CLANG_WARN_RANGE_LOOP_ANALYSIS = YES;
				CLANG_WARN_STRICT_PROTOTYPES = YES;
				CLANG_WARN_SUSPICIOUS_MOVE = YES;
				CLANG_WARN_UNGUARDED_AVAILABILITY = YES_AGGRESSIVE;
				CLANG_WARN_UNREACHABLE_CODE = YES;
				CLANG_WARN__DUPLICATE_METHOD_MATCH = YES;
				COPY_PHASE_STRIP = NO;
				DEBUG_INFORMATION_FORMAT = dwarf;
				ENABLE_STRICT_OBJC_MSGSEND = YES;
				ENABLE_TESTABILITY = YES;
				GCC_C_LANGUAGE_STANDARD = gnu11;
				GCC_DYNAMIC_NO_PIC = NO;
				GCC_NO_COMMON_BLOCKS = YES;
				GCC_OPTIMIZATION_LEVEL = 0;
				GCC_PREPROCESSOR_DEFINITIONS = (
					"DEBUG=1",
					"$(inherited)",
				);
				GCC_WARN_64_TO_32_BIT_CONVERSION = YES;
				GCC_WARN_ABOUT_RETURN_TYPE = YES_ERROR;
				GCC_WARN_UNDECLARED_SELECTOR = YES;
				GCC_WARN_UNINITIALIZED_AUTOS = YES_AGGRESSIVE;
				GCC_WARN_UNUSED_FUNCTION = YES;
				GCC_WARN_UNUSED_VARIABLE = YES;
				IPHONEOS_DEPLOYMENT_TARGET = 15.4;
				MTL_ENABLE_DEBUG_INFO = INCLUDE_SOURCE;
				MTL_FAST_MATH = YES;
				ONLY_ACTIVE_ARCH = YES;
				SDKROOT = iphoneos;
				SWIFT_ACTIVE_COMPILATION_CONDITIONS = DEBUG;
				SWIFT_OPTIMIZATION_LEVEL = "-Onone";
			};
			name = Debug;
		};
		B1DC46DC28103ACD00EA3EC3 /* Release */ = {
			isa = XCBuildConfiguration;
			buildSettings = {
				ALWAYS_SEARCH_USER_PATHS = NO;
				CLANG_ANALYZER_NONNULL = YES;
				CLANG_ANALYZER_NUMBER_OBJECT_CONVERSION = YES_AGGRESSIVE;
				CLANG_CXX_LANGUAGE_STANDARD = "gnu++17";
				CLANG_ENABLE_MODULES = YES;
				CLANG_ENABLE_OBJC_ARC = YES;
				CLANG_ENABLE_OBJC_WEAK = YES;
				CLANG_WARN_BLOCK_CAPTURE_AUTORELEASING = YES;
				CLANG_WARN_BOOL_CONVERSION = YES;
				CLANG_WARN_COMMA = YES;
				CLANG_WARN_CONSTANT_CONVERSION = YES;
				CLANG_WARN_DEPRECATED_OBJC_IMPLEMENTATIONS = YES;
				CLANG_WARN_DIRECT_OBJC_ISA_USAGE = YES_ERROR;
				CLANG_WARN_DOCUMENTATION_COMMENTS = YES;
				CLANG_WARN_EMPTY_BODY = YES;
				CLANG_WARN_ENUM_CONVERSION = YES;
				CLANG_WARN_INFINITE_RECURSION = YES;
				CLANG_WARN_INT_CONVERSION = YES;
				CLANG_WARN_NON_LITERAL_NULL_CONVERSION = YES;
				CLANG_WARN_OBJC_IMPLICIT_RETAIN_SELF = YES;
				CLANG_WARN_OBJC_LITERAL_CONVERSION = YES;
				CLANG_WARN_OBJC_ROOT_CLASS = YES_ERROR;
				CLANG_WARN_QUOTED_INCLUDE_IN_FRAMEWORK_HEADER = YES;
				CLANG_WARN_RANGE_LOOP_ANALYSIS = YES;
				CLANG_WARN_STRICT_PROTOTYPES = YES;
				CLANG_WARN_SUSPICIOUS_MOVE = YES;
				CLANG_WARN_UNGUARDED_AVAILABILITY = YES_AGGRESSIVE;
				CLANG_WARN_UNREACHABLE_CODE = YES;
				CLANG_WARN__DUPLICATE_METHOD_MATCH = YES;
				COPY_PHASE_STRIP = NO;
				DEBUG_INFORMATION_FORMAT = "dwarf-with-dsym";
				ENABLE_NS_ASSERTIONS = NO;
				ENABLE_STRICT_OBJC_MSGSEND = YES;
				GCC_C_LANGUAGE_STANDARD = gnu11;
				GCC_NO_COMMON_BLOCKS = YES;
				GCC_WARN_64_TO_32_BIT_CONVERSION = YES;
				GCC_WARN_ABOUT_RETURN_TYPE = YES_ERROR;
				GCC_WARN_UNDECLARED_SELECTOR = YES;
				GCC_WARN_UNINITIALIZED_AUTOS = YES_AGGRESSIVE;
				GCC_WARN_UNUSED_FUNCTION = YES;
				GCC_WARN_UNUSED_VARIABLE = YES;
				IPHONEOS_DEPLOYMENT_TARGET = 15.4;
				MTL_ENABLE_DEBUG_INFO = NO;
				MTL_FAST_MATH = YES;
				SDKROOT = iphoneos;
				SWIFT_COMPILATION_MODE = wholemodule;
				SWIFT_OPTIMIZATION_LEVEL = "-O";
				VALIDATE_PRODUCT = YES;
			};
			name = Release;
		};
		B1DC46DE28103ACD00EA3EC3 /* Debug */ = {
			isa = XCBuildConfiguration;
			buildSettings = {
				ASSETCATALOG_COMPILER_APPICON_NAME = AppIcon;
				ASSETCATALOG_COMPILER_GLOBAL_ACCENT_COLOR_NAME = AccentColor;
				CODE_SIGN_STYLE = Automatic;
				CURRENT_PROJECT_VERSION = 1;
				DEVELOPMENT_TEAM = 85F6YX7743;
				GENERATE_INFOPLIST_FILE = YES;
				INFOPLIST_FILE = "Netflix Clone/Info.plist";
				INFOPLIST_KEY_UIApplicationSupportsIndirectInputEvents = YES;
				INFOPLIST_KEY_UILaunchStoryboardName = LaunchScreen;
				INFOPLIST_KEY_UISupportedInterfaceOrientations_iPad = "UIInterfaceOrientationPortrait UIInterfaceOrientationPortraitUpsideDown UIInterfaceOrientationLandscapeLeft UIInterfaceOrientationLandscapeRight";
				INFOPLIST_KEY_UISupportedInterfaceOrientations_iPhone = "UIInterfaceOrientationPortrait UIInterfaceOrientationLandscapeLeft UIInterfaceOrientationLandscapeRight";
				LD_RUNPATH_SEARCH_PATHS = (
					"$(inherited)",
					"@executable_path/Frameworks",
				);
				MARKETING_VERSION = 1.0;
				PRODUCT_BUNDLE_IDENTIFIER = "ro.icsdevelopment.Netflix-Clone";
				PRODUCT_NAME = "$(TARGET_NAME)";
				SWIFT_EMIT_LOC_STRINGS = YES;
				SWIFT_VERSION = 5.0;
				TARGETED_DEVICE_FAMILY = "1,2";
			};
			name = Debug;
		};
		B1DC46DF28103ACD00EA3EC3 /* Release */ = {
			isa = XCBuildConfiguration;
			buildSettings = {
				ASSETCATALOG_COMPILER_APPICON_NAME = AppIcon;
				ASSETCATALOG_COMPILER_GLOBAL_ACCENT_COLOR_NAME = AccentColor;
				CODE_SIGN_STYLE = Automatic;
				CURRENT_PROJECT_VERSION = 1;
				DEVELOPMENT_TEAM = 85F6YX7743;
				GENERATE_INFOPLIST_FILE = YES;
				INFOPLIST_FILE = "Netflix Clone/Info.plist";
				INFOPLIST_KEY_UIApplicationSupportsIndirectInputEvents = YES;
				INFOPLIST_KEY_UILaunchStoryboardName = LaunchScreen;
				INFOPLIST_KEY_UISupportedInterfaceOrientations_iPad = "UIInterfaceOrientationPortrait UIInterfaceOrientationPortraitUpsideDown UIInterfaceOrientationLandscapeLeft UIInterfaceOrientationLandscapeRight";
				INFOPLIST_KEY_UISupportedInterfaceOrientations_iPhone = "UIInterfaceOrientationPortrait UIInterfaceOrientationLandscapeLeft UIInterfaceOrientationLandscapeRight";
				LD_RUNPATH_SEARCH_PATHS = (
					"$(inherited)",
					"@executable_path/Frameworks",
				);
				MARKETING_VERSION = 1.0;
				PRODUCT_BUNDLE_IDENTIFIER = "ro.icsdevelopment.Netflix-Clone";
				PRODUCT_NAME = "$(TARGET_NAME)";
				SWIFT_EMIT_LOC_STRINGS = YES;
				SWIFT_VERSION = 5.0;
				TARGETED_DEVICE_FAMILY = "1,2";
			};
			name = Release;
		};
/* End XCBuildConfiguration section */

/* Begin XCConfigurationList section */
		B1DC46C428103ACC00EA3EC3 /* Build configuration list for PBXProject "Netflix Clone" */ = {
			isa = XCConfigurationList;
			buildConfigurations = (
				B1DC46DB28103ACD00EA3EC3 /* Debug */,
				B1DC46DC28103ACD00EA3EC3 /* Release */,
			);
			defaultConfigurationIsVisible = 0;
			defaultConfigurationName = Release;
		};
		B1DC46DD28103ACD00EA3EC3 /* Build configuration list for PBXNativeTarget "Netflix Clone" */ = {
			isa = XCConfigurationList;
			buildConfigurations = (
				B1DC46DE28103ACD00EA3EC3 /* Debug */,
				B1DC46DF28103ACD00EA3EC3 /* Release */,
			);
			defaultConfigurationIsVisible = 0;
			defaultConfigurationName = Release;
		};
/* End XCConfigurationList section */

/* Begin XCRemoteSwiftPackageReference section */
		B1FD4BF52811A1B2009DD128 /* XCRemoteSwiftPackageReference "SDWebImage" */ = {
			isa = XCRemoteSwiftPackageReference;
			repositoryURL = "https://github.com/SDWebImage/SDWebImage.git";
			requirement = {
				kind = upToNextMajorVersion;
				minimumVersion = 5.0.0;
			};
		};
/* End XCRemoteSwiftPackageReference section */

/* Begin XCSwiftPackageProductDependency section */
		B1FD4BF62811A1B2009DD128 /* SDWebImage */ = {
			isa = XCSwiftPackageProductDependency;
			package = B1FD4BF52811A1B2009DD128 /* XCRemoteSwiftPackageReference "SDWebImage" */;
			productName = SDWebImage;
		};
		B1FD4BF82811A1B2009DD128 /* SDWebImageMapKit */ = {
			isa = XCSwiftPackageProductDependency;
			package = B1FD4BF52811A1B2009DD128 /* XCRemoteSwiftPackageReference "SDWebImage" */;
			productName = SDWebImageMapKit;
		};
/* End XCSwiftPackageProductDependency section */
	};
	rootObject = B1DC46C128103ACC00EA3EC3 /* Project object */;
}
